schema: '2.0'
stages:
  validate:
    cmd: python src/data_validation.py
    deps:
    - path: data/raw/reviews.csv
      hash: md5
      md5: 4a55ef775cf6473005618c939071a94b
      size: 8392
  preprocess:
    cmd: python src/preprocessing.py
    deps:
    - path: data/raw/reviews.csv
      hash: md5
      md5: 4a55ef775cf6473005618c939071a94b
      size: 8392
    outs:
    - path: data/processed/clean.csv
      hash: md5
      md5: 36c11935d59f6a7e609b3c45d933ed0d
      size: 8388
  train:
    cmd: python src/train.py
    deps:
    - path: data/processed/clean.csv
      hash: md5
      md5: 36c11935d59f6a7e609b3c45d933ed0d
      size: 8388
    outs:
    - path: models/model.pkl
      hash: md5
      md5: 9da0d0cc7015c52c5cbac187de52fd5c
      size: 12453
